// !$*UTF8*$!
{
	archiveVersion = 1;
	classes = {
	};
	objectVersion = 48;
	objects = {

/* Begin PBXBuildFile section */
		45499D96201FD2E300473D86 /* GoogleService-Info.plist in Resources */ = {isa = PBXBuildFile; fileRef = 45499D95201FD2E300473D86 /* GoogleService-Info.plist */; };
		459A6072201FDB5600FD65EE /* MainViewController.swift in Sources */ = {isa = PBXBuildFile; fileRef = 459A6070201FDB5600FD65EE /* MainViewController.swift */; };
		459A6073201FDB5600FD65EE /* MainViewController.xib in Resources */ = {isa = PBXBuildFile; fileRef = 459A6071201FDB5600FD65EE /* MainViewController.xib */; };
		5BABF1B32BEA116DCEE964BD /* Pods_FireliteExampleTests.framework in Frameworks */ = {isa = PBXBuildFile; fileRef = AAA9D8D6C6147FD0C61EEF6D /* Pods_FireliteExampleTests.framework */; };
		ADA12A26201FCDE200DF85A3 /* AppDelegate.swift in Sources */ = {isa = PBXBuildFile; fileRef = ADA12A25201FCDE200DF85A3 /* AppDelegate.swift */; };
		ADA12A2E201FCDE200DF85A3 /* FireliteExample.xcdatamodeld in Sources */ = {isa = PBXBuildFile; fileRef = ADA12A2C201FCDE200DF85A3 /* FireliteExample.xcdatamodeld */; };
		ADA12A30201FCDE200DF85A3 /* Assets.xcassets in Resources */ = {isa = PBXBuildFile; fileRef = ADA12A2F201FCDE200DF85A3 /* Assets.xcassets */; };
		ADA12A33201FCDE200DF85A3 /* LaunchScreen.storyboard in Resources */ = {isa = PBXBuildFile; fileRef = ADA12A31201FCDE200DF85A3 /* LaunchScreen.storyboard */; };
		ADA12A3E201FCDE200DF85A3 /* FireliteExampleTests.swift in Sources */ = {isa = PBXBuildFile; fileRef = ADA12A3D201FCDE200DF85A3 /* FireliteExampleTests.swift */; };
		C8FA619A49512C8126F14838 /* Pods_FireliteExample.framework in Frameworks */ = {isa = PBXBuildFile; fileRef = 55755502638746F5868F0C89 /* Pods_FireliteExample.framework */; };
/* End PBXBuildFile section */

/* Begin PBXContainerItemProxy section */
		ADA12A3A201FCDE200DF85A3 /* PBXContainerItemProxy */ = {
			isa = PBXContainerItemProxy;
			containerPortal = ADA12A1A201FCDE200DF85A3 /* Project object */;
			proxyType = 1;
			remoteGlobalIDString = ADA12A21201FCDE200DF85A3;
			remoteInfo = FireliteExample;
		};
/* End PBXContainerItemProxy section */

/* Begin PBXFileReference section */
		1F55C3AD0C975DAB641E5636 /* Pods-FireliteExampleTests.release.xcconfig */ = {isa = PBXFileReference; includeInIndex = 1; lastKnownFileType = text.xcconfig; name = "Pods-FireliteExampleTests.release.xcconfig"; path = "Pods/Target Support Files/Pods-FireliteExampleTests/Pods-FireliteExampleTests.release.xcconfig"; sourceTree = "<group>"; };
		3480F15EA089259F902DF888 /* Pods-FireliteExampleTests.debug.xcconfig */ = {isa = PBXFileReference; includeInIndex = 1; lastKnownFileType = text.xcconfig; name = "Pods-FireliteExampleTests.debug.xcconfig"; path = "Pods/Target Support Files/Pods-FireliteExampleTests/Pods-FireliteExampleTests.debug.xcconfig"; sourceTree = "<group>"; };
		45499D95201FD2E300473D86 /* GoogleService-Info.plist */ = {isa = PBXFileReference; fileEncoding = 4; lastKnownFileType = text.plist.xml; path = "GoogleService-Info.plist"; sourceTree = "<group>"; };
		459A6070201FDB5600FD65EE /* MainViewController.swift */ = {isa = PBXFileReference; lastKnownFileType = sourcecode.swift; path = MainViewController.swift; sourceTree = "<group>"; };
		459A6071201FDB5600FD65EE /* MainViewController.xib */ = {isa = PBXFileReference; lastKnownFileType = file.xib; path = MainViewController.xib; sourceTree = "<group>"; };
		50751F668CF92A97F34F72ED /* Pods-FireliteExample.release.xcconfig */ = {isa = PBXFileReference; includeInIndex = 1; lastKnownFileType = text.xcconfig; name = "Pods-FireliteExample.release.xcconfig"; path = "Pods/Target Support Files/Pods-FireliteExample/Pods-FireliteExample.release.xcconfig"; sourceTree = "<group>"; };
		55755502638746F5868F0C89 /* Pods_FireliteExample.framework */ = {isa = PBXFileReference; explicitFileType = wrapper.framework; includeInIndex = 0; path = Pods_FireliteExample.framework; sourceTree = BUILT_PRODUCTS_DIR; };
		AAA9D8D6C6147FD0C61EEF6D /* Pods_FireliteExampleTests.framework */ = {isa = PBXFileReference; explicitFileType = wrapper.framework; includeInIndex = 0; path = Pods_FireliteExampleTests.framework; sourceTree = BUILT_PRODUCTS_DIR; };
		ADA12A22201FCDE200DF85A3 /* FireliteExample.app */ = {isa = PBXFileReference; explicitFileType = wrapper.application; includeInIndex = 0; path = FireliteExample.app; sourceTree = BUILT_PRODUCTS_DIR; };
		ADA12A25201FCDE200DF85A3 /* AppDelegate.swift */ = {isa = PBXFileReference; lastKnownFileType = sourcecode.swift; path = AppDelegate.swift; sourceTree = "<group>"; };
		ADA12A2D201FCDE200DF85A3 /* FireliteExample.xcdatamodel */ = {isa = PBXFileReference; lastKnownFileType = wrapper.xcdatamodel; path = FireliteExample.xcdatamodel; sourceTree = "<group>"; };
		ADA12A2F201FCDE200DF85A3 /* Assets.xcassets */ = {isa = PBXFileReference; lastKnownFileType = folder.assetcatalog; path = Assets.xcassets; sourceTree = "<group>"; };
		ADA12A32201FCDE200DF85A3 /* Base */ = {isa = PBXFileReference; lastKnownFileType = file.storyboard; name = Base; path = Base.lproj/LaunchScreen.storyboard; sourceTree = "<group>"; };
		ADA12A34201FCDE200DF85A3 /* Info.plist */ = {isa = PBXFileReference; lastKnownFileType = text.plist.xml; path = Info.plist; sourceTree = "<group>"; };
		ADA12A39201FCDE200DF85A3 /* FireliteExampleTests.xctest */ = {isa = PBXFileReference; explicitFileType = wrapper.cfbundle; includeInIndex = 0; path = FireliteExampleTests.xctest; sourceTree = BUILT_PRODUCTS_DIR; };
		ADA12A3D201FCDE200DF85A3 /* FireliteExampleTests.swift */ = {isa = PBXFileReference; lastKnownFileType = sourcecode.swift; path = FireliteExampleTests.swift; sourceTree = "<group>"; };
		ADA12A3F201FCDE200DF85A3 /* Info.plist */ = {isa = PBXFileReference; lastKnownFileType = text.plist.xml; path = Info.plist; sourceTree = "<group>"; };
		C2E435EB808526E55D9EE006 /* Pods-FireliteExample.debug.xcconfig */ = {isa = PBXFileReference; includeInIndex = 1; lastKnownFileType = text.xcconfig; name = "Pods-FireliteExample.debug.xcconfig"; path = "Pods/Target Support Files/Pods-FireliteExample/Pods-FireliteExample.debug.xcconfig"; sourceTree = "<group>"; };
/* End PBXFileReference section */

/* Begin PBXFrameworksBuildPhase section */
		ADA12A1F201FCDE200DF85A3 /* Frameworks */ = {
			isa = PBXFrameworksBuildPhase;
			buildActionMask = 2147483647;
			files = (
				C8FA619A49512C8126F14838 /* Pods_FireliteExample.framework in Frameworks */,
			);
			runOnlyForDeploymentPostprocessing = 0;
		};
		ADA12A36201FCDE200DF85A3 /* Frameworks */ = {
			isa = PBXFrameworksBuildPhase;
			buildActionMask = 2147483647;
			files = (
				5BABF1B32BEA116DCEE964BD /* Pods_FireliteExampleTests.framework in Frameworks */,
			);
			runOnlyForDeploymentPostprocessing = 0;
		};
/* End PBXFrameworksBuildPhase section */

/* Begin PBXGroup section */
		6FF1BFAD0C77AC3A0C4638DE /* Frameworks */ = {
			isa = PBXGroup;
			children = (
				55755502638746F5868F0C89 /* Pods_FireliteExample.framework */,
				AAA9D8D6C6147FD0C61EEF6D /* Pods_FireliteExampleTests.framework */,
			);
			name = Frameworks;
			sourceTree = "<group>";
		};
		ADA12A19201FCDE200DF85A3 = {
			isa = PBXGroup;
			children = (
				ADA12A24201FCDE200DF85A3 /* FireliteExample */,
				ADA12A3C201FCDE200DF85A3 /* FireliteExampleTests */,
				ADA12A23201FCDE200DF85A3 /* Products */,
				BA00EB3C5EB072428325D801 /* Pods */,
				6FF1BFAD0C77AC3A0C4638DE /* Frameworks */,
			);
			sourceTree = "<group>";
		};
		ADA12A23201FCDE200DF85A3 /* Products */ = {
			isa = PBXGroup;
			children = (
				ADA12A22201FCDE200DF85A3 /* FireliteExample.app */,
				ADA12A39201FCDE200DF85A3 /* FireliteExampleTests.xctest */,
			);
			name = Products;
			sourceTree = "<group>";
		};
		ADA12A24201FCDE200DF85A3 /* FireliteExample */ = {
			isa = PBXGroup;
			children = (
				ADA12A25201FCDE200DF85A3 /* AppDelegate.swift */,
				459A6070201FDB5600FD65EE /* MainViewController.swift */,
				459A6071201FDB5600FD65EE /* MainViewController.xib */,
				ADA12A2F201FCDE200DF85A3 /* Assets.xcassets */,
				ADA12A31201FCDE200DF85A3 /* LaunchScreen.storyboard */,
				45499D95201FD2E300473D86 /* GoogleService-Info.plist */,
				ADA12A34201FCDE200DF85A3 /* Info.plist */,
				ADA12A2C201FCDE200DF85A3 /* FireliteExample.xcdatamodeld */,
			);
			path = FireliteExample;
			sourceTree = "<group>";
		};
		ADA12A3C201FCDE200DF85A3 /* FireliteExampleTests */ = {
			isa = PBXGroup;
			children = (
				ADA12A3D201FCDE200DF85A3 /* FireliteExampleTests.swift */,
				ADA12A3F201FCDE200DF85A3 /* Info.plist */,
			);
			path = FireliteExampleTests;
			sourceTree = "<group>";
		};
		BA00EB3C5EB072428325D801 /* Pods */ = {
			isa = PBXGroup;
			children = (
				C2E435EB808526E55D9EE006 /* Pods-FireliteExample.debug.xcconfig */,
				50751F668CF92A97F34F72ED /* Pods-FireliteExample.release.xcconfig */,
				3480F15EA089259F902DF888 /* Pods-FireliteExampleTests.debug.xcconfig */,
				1F55C3AD0C975DAB641E5636 /* Pods-FireliteExampleTests.release.xcconfig */,
			);
			name = Pods;
			sourceTree = "<group>";
		};
/* End PBXGroup section */

/* Begin PBXNativeTarget section */
		ADA12A21201FCDE200DF85A3 /* FireliteExample */ = {
			isa = PBXNativeTarget;
			buildConfigurationList = ADA12A42201FCDE200DF85A3 /* Build configuration list for PBXNativeTarget "FireliteExample" */;
			buildPhases = (
				C96E8DF8CFFC293E9FAC73E5 /* [CP] Check Pods Manifest.lock */,
				ADA12A1E201FCDE200DF85A3 /* Sources */,
				ADA12A1F201FCDE200DF85A3 /* Frameworks */,
				ADA12A20201FCDE200DF85A3 /* Resources */,
				1BF079E9DB996D36F0FF741A /* [CP] Embed Pods Frameworks */,
				801227F383B1F5E21CD82C98 /* [CP] Copy Pods Resources */,
			);
			buildRules = (
			);
			dependencies = (
			);
			name = FireliteExample;
			productName = FireliteExample;
			productReference = ADA12A22201FCDE200DF85A3 /* FireliteExample.app */;
			productType = "com.apple.product-type.application";
		};
		ADA12A38201FCDE200DF85A3 /* FireliteExampleTests */ = {
			isa = PBXNativeTarget;
			buildConfigurationList = ADA12A45201FCDE200DF85A3 /* Build configuration list for PBXNativeTarget "FireliteExampleTests" */;
			buildPhases = (
				139EF257AE4D60B7811DD72B /* [CP] Check Pods Manifest.lock */,
				ADA12A35201FCDE200DF85A3 /* Sources */,
				ADA12A36201FCDE200DF85A3 /* Frameworks */,
				ADA12A37201FCDE200DF85A3 /* Resources */,
				7C1D52F221354EA2891F6CB4 /* [CP] Embed Pods Frameworks */,
				D899EAED6D4030FC06366F67 /* [CP] Copy Pods Resources */,
			);
			buildRules = (
			);
			dependencies = (
				ADA12A3B201FCDE200DF85A3 /* PBXTargetDependency */,
			);
			name = FireliteExampleTests;
			productName = FireliteExampleTests;
			productReference = ADA12A39201FCDE200DF85A3 /* FireliteExampleTests.xctest */;
			productType = "com.apple.product-type.bundle.unit-test";
		};
/* End PBXNativeTarget section */

/* Begin PBXProject section */
		ADA12A1A201FCDE200DF85A3 /* Project object */ = {
			isa = PBXProject;
			attributes = {
				LastSwiftUpdateCheck = 0920;
				LastUpgradeCheck = 0920;
				ORGANIZATIONNAME = "Alexandre Ménielle";
				TargetAttributes = {
					ADA12A21201FCDE200DF85A3 = {
						CreatedOnToolsVersion = 9.2;
						ProvisioningStyle = Automatic;
					};
					ADA12A38201FCDE200DF85A3 = {
						CreatedOnToolsVersion = 9.2;
						ProvisioningStyle = Automatic;
						TestTargetID = ADA12A21201FCDE200DF85A3;
					};
				};
			};
			buildConfigurationList = ADA12A1D201FCDE200DF85A3 /* Build configuration list for PBXProject "FireliteExample" */;
			compatibilityVersion = "Xcode 8.0";
			developmentRegion = en;
			hasScannedForEncodings = 0;
			knownRegions = (
				en,
				Base,
			);
			mainGroup = ADA12A19201FCDE200DF85A3;
			productRefGroup = ADA12A23201FCDE200DF85A3 /* Products */;
			projectDirPath = "";
			projectRoot = "";
			targets = (
				ADA12A21201FCDE200DF85A3 /* FireliteExample */,
				ADA12A38201FCDE200DF85A3 /* FireliteExampleTests */,
			);
		};
/* End PBXProject section */

/* Begin PBXResourcesBuildPhase section */
		ADA12A20201FCDE200DF85A3 /* Resources */ = {
			isa = PBXResourcesBuildPhase;
			buildActionMask = 2147483647;
			files = (
				ADA12A33201FCDE200DF85A3 /* LaunchScreen.storyboard in Resources */,
				45499D96201FD2E300473D86 /* GoogleService-Info.plist in Resources */,
				ADA12A30201FCDE200DF85A3 /* Assets.xcassets in Resources */,
				459A6073201FDB5600FD65EE /* MainViewController.xib in Resources */,
			);
			runOnlyForDeploymentPostprocessing = 0;
		};
		ADA12A37201FCDE200DF85A3 /* Resources */ = {
			isa = PBXResourcesBuildPhase;
			buildActionMask = 2147483647;
			files = (
			);
			runOnlyForDeploymentPostprocessing = 0;
		};
/* End PBXResourcesBuildPhase section */

/* Begin PBXShellScriptBuildPhase section */
		139EF257AE4D60B7811DD72B /* [CP] Check Pods Manifest.lock */ = {
			isa = PBXShellScriptBuildPhase;
			buildActionMask = 2147483647;
			files = (
			);
			inputPaths = (
				"${PODS_PODFILE_DIR_PATH}/Podfile.lock",
				"${PODS_ROOT}/Manifest.lock",
			);
			name = "[CP] Check Pods Manifest.lock";
			outputPaths = (
				"$(DERIVED_FILE_DIR)/Pods-FireliteExampleTests-checkManifestLockResult.txt",
			);
			runOnlyForDeploymentPostprocessing = 0;
			shellPath = /bin/sh;
			shellScript = "diff \"${PODS_PODFILE_DIR_PATH}/Podfile.lock\" \"${PODS_ROOT}/Manifest.lock\" > /dev/null\nif [ $? != 0 ] ; then\n    # print error to STDERR\n    echo \"error: The sandbox is not in sync with the Podfile.lock. Run 'pod install' or update your CocoaPods installation.\" >&2\n    exit 1\nfi\n# This output is used by Xcode 'outputs' to avoid re-running this script phase.\necho \"SUCCESS\" > \"${SCRIPT_OUTPUT_FILE_0}\"\n";
			showEnvVarsInLog = 0;
		};
		1BF079E9DB996D36F0FF741A /* [CP] Embed Pods Frameworks */ = {
			isa = PBXShellScriptBuildPhase;
			buildActionMask = 2147483647;
			files = (
			);
			inputPaths = (
				"${SRCROOT}/Pods/Target Support Files/Pods-FireliteExample/Pods-FireliteExample-frameworks.sh",
				"${BUILT_PRODUCTS_DIR}/GoogleToolboxForMac/GoogleToolboxForMac.framework",
				"${BUILT_PRODUCTS_DIR}/nanopb/nanopb.framework",
			);
			name = "[CP] Embed Pods Frameworks";
			outputPaths = (
				"${TARGET_BUILD_DIR}/${FRAMEWORKS_FOLDER_PATH}/GoogleToolboxForMac.framework",
				"${TARGET_BUILD_DIR}/${FRAMEWORKS_FOLDER_PATH}/nanopb.framework",
			);
			runOnlyForDeploymentPostprocessing = 0;
			shellPath = /bin/sh;
			shellScript = "\"${SRCROOT}/Pods/Target Support Files/Pods-FireliteExample/Pods-FireliteExample-frameworks.sh\"\n";
			showEnvVarsInLog = 0;
		};
		7C1D52F221354EA2891F6CB4 /* [CP] Embed Pods Frameworks */ = {
			isa = PBXShellScriptBuildPhase;
			buildActionMask = 2147483647;
			files = (
			);
			inputPaths = (
			);
			name = "[CP] Embed Pods Frameworks";
			outputPaths = (
			);
			runOnlyForDeploymentPostprocessing = 0;
			shellPath = /bin/sh;
			shellScript = "\"${SRCROOT}/Pods/Target Support Files/Pods-FireliteExampleTests/Pods-FireliteExampleTests-frameworks.sh\"\n";
			showEnvVarsInLog = 0;
		};
		801227F383B1F5E21CD82C98 /* [CP] Copy Pods Resources */ = {
			isa = PBXShellScriptBuildPhase;
			buildActionMask = 2147483647;
			files = (
			);
			inputPaths = (
			);
			name = "[CP] Copy Pods Resources";
			outputPaths = (
			);
			runOnlyForDeploymentPostprocessing = 0;
			shellPath = /bin/sh;
			shellScript = "\"${SRCROOT}/Pods/Target Support Files/Pods-FireliteExample/Pods-FireliteExample-resources.sh\"\n";
			showEnvVarsInLog = 0;
		};
		C96E8DF8CFFC293E9FAC73E5 /* [CP] Check Pods Manifest.lock */ = {
			isa = PBXShellScriptBuildPhase;
			buildActionMask = 2147483647;
			files = (
			);
			inputPaths = (
				"${PODS_PODFILE_DIR_PATH}/Podfile.lock",
				"${PODS_ROOT}/Manifest.lock",
			);
			name = "[CP] Check Pods Manifest.lock";
			outputPaths = (
				"$(DERIVED_FILE_DIR)/Pods-FireliteExample-checkManifestLockResult.txt",
			);
			runOnlyForDeploymentPostprocessing = 0;
			shellPath = /bin/sh;
			shellScript = "diff \"${PODS_PODFILE_DIR_PATH}/Podfile.lock\" \"${PODS_ROOT}/Manifest.lock\" > /dev/null\nif [ $? != 0 ] ; then\n    # print error to STDERR\n    echo \"error: The sandbox is not in sync with the Podfile.lock. Run 'pod install' or update your CocoaPods installation.\" >&2\n    exit 1\nfi\n# This output is used by Xcode 'outputs' to avoid re-running this script phase.\necho \"SUCCESS\" > \"${SCRIPT_OUTPUT_FILE_0}\"\n";
			showEnvVarsInLog = 0;
		};
		D899EAED6D4030FC06366F67 /* [CP] Copy Pods Resources */ = {
			isa = PBXShellScriptBuildPhase;
			buildActionMask = 2147483647;
			files = (
			);
			inputPaths = (
			);
			name = "[CP] Copy Pods Resources";
			outputPaths = (
			);
			runOnlyForDeploymentPostprocessing = 0;
			shellPath = /bin/sh;
			shellScript = "\"${SRCROOT}/Pods/Target Support Files/Pods-FireliteExampleTests/Pods-FireliteExampleTests-resources.sh\"\n";
			showEnvVarsInLog = 0;
		};
/* End PBXShellScriptBuildPhase section */

/* Begin PBXSourcesBuildPhase section */
		ADA12A1E201FCDE200DF85A3 /* Sources */ = {
			isa = PBXSourcesBuildPhase;
			buildActionMask = 2147483647;
			files = (
				459A6072201FDB5600FD65EE /* MainViewController.swift in Sources */,
				ADA12A2E201FCDE200DF85A3 /* FireliteExample.xcdatamodeld in Sources */,
				ADA12A26201FCDE200DF85A3 /* AppDelegate.swift in Sources */,
			);
			runOnlyForDeploymentPostprocessing = 0;
		};
		ADA12A35201FCDE200DF85A3 /* Sources */ = {
			isa = PBXSourcesBuildPhase;
			buildActionMask = 2147483647;
			files = (
				ADA12A3E201FCDE200DF85A3 /* FireliteExampleTests.swift in Sources */,
			);
			runOnlyForDeploymentPostprocessing = 0;
		};
/* End PBXSourcesBuildPhase section */

/* Begin PBXTargetDependency section */
		ADA12A3B201FCDE200DF85A3 /* PBXTargetDependency */ = {
			isa = PBXTargetDependency;
			target = ADA12A21201FCDE200DF85A3 /* FireliteExample */;
			targetProxy = ADA12A3A201FCDE200DF85A3 /* PBXContainerItemProxy */;
		};
/* End PBXTargetDependency section */

/* Begin PBXVariantGroup section */
		ADA12A31201FCDE200DF85A3 /* LaunchScreen.storyboard */ = {
			isa = PBXVariantGroup;
			children = (
				ADA12A32201FCDE200DF85A3 /* Base */,
			);
			name = LaunchScreen.storyboard;
			sourceTree = "<group>";
		};
/* End PBXVariantGroup section */

/* Begin XCBuildConfiguration section */
		ADA12A40201FCDE200DF85A3 /* Debug */ = {
			isa = XCBuildConfiguration;
			buildSettings = {
				ALWAYS_SEARCH_USER_PATHS = NO;
				CLANG_ANALYZER_NONNULL = YES;
				CLANG_ANALYZER_NUMBER_OBJECT_CONVERSION = YES_AGGRESSIVE;
				CLANG_CXX_LANGUAGE_STANDARD = "gnu++14";
				CLANG_CXX_LIBRARY = "libc++";
				CLANG_ENABLE_MODULES = YES;
				CLANG_ENABLE_OBJC_ARC = YES;
				CLANG_WARN_BLOCK_CAPTURE_AUTORELEASING = YES;
				CLANG_WARN_BOOL_CONVERSION = YES;
				CLANG_WARN_COMMA = YES;
				CLANG_WARN_CONSTANT_CONVERSION = YES;
				CLANG_WARN_DIRECT_OBJC_ISA_USAGE = YES_ERROR;
				CLANG_WARN_DOCUMENTATION_COMMENTS = YES;
				CLANG_WARN_EMPTY_BODY = YES;
				CLANG_WARN_ENUM_CONVERSION = YES;
				CLANG_WARN_INFINITE_RECURSION = YES;
				CLANG_WARN_INT_CONVERSION = YES;
				CLANG_WARN_NON_LITERAL_NULL_CONVERSION = YES;
				CLANG_WARN_OBJC_LITERAL_CONVERSION = YES;
				CLANG_WARN_OBJC_ROOT_CLASS = YES_ERROR;
				CLANG_WARN_RANGE_LOOP_ANALYSIS = YES;
				CLANG_WARN_STRICT_PROTOTYPES = YES;
				CLANG_WARN_SUSPICIOUS_MOVE = YES;
				CLANG_WARN_UNGUARDED_AVAILABILITY = YES_AGGRESSIVE;
				CLANG_WARN_UNREACHABLE_CODE = YES;
				CLANG_WARN__DUPLICATE_METHOD_MATCH = YES;
				CODE_SIGN_IDENTITY = "iPhone Developer";
				COPY_PHASE_STRIP = NO;
				DEBUG_INFORMATION_FORMAT = dwarf;
				ENABLE_STRICT_OBJC_MSGSEND = YES;
				ENABLE_TESTABILITY = YES;
				GCC_C_LANGUAGE_STANDARD = gnu11;
				GCC_DYNAMIC_NO_PIC = NO;
				GCC_NO_COMMON_BLOCKS = YES;
				GCC_OPTIMIZATION_LEVEL = 0;
				GCC_PREPROCESSOR_DEFINITIONS = (
					"DEBUG=1",
					"$(inherited)",
				);
				GCC_WARN_64_TO_32_BIT_CONVERSION = YES;
				GCC_WARN_ABOUT_RETURN_TYPE = YES_ERROR;
				GCC_WARN_UNDECLARED_SELECTOR = YES;
				GCC_WARN_UNINITIALIZED_AUTOS = YES_AGGRESSIVE;
				GCC_WARN_UNUSED_FUNCTION = YES;
				GCC_WARN_UNUSED_VARIABLE = YES;
				IPHONEOS_DEPLOYMENT_TARGET = 11.2;
				MTL_ENABLE_DEBUG_INFO = YES;
				ONLY_ACTIVE_ARCH = YES;
				SDKROOT = iphoneos;
				SWIFT_ACTIVE_COMPILATION_CONDITIONS = DEBUG;
				SWIFT_OPTIMIZATION_LEVEL = "-Onone";
			};
			name = Debug;
		};
		ADA12A41201FCDE200DF85A3 /* Release */ = {
			isa = XCBuildConfiguration;
			buildSettings = {
				ALWAYS_SEARCH_USER_PATHS = NO;
				CLANG_ANALYZER_NONNULL = YES;
				CLANG_ANALYZER_NUMBER_OBJECT_CONVERSION = YES_AGGRESSIVE;
				CLANG_CXX_LANGUAGE_STANDARD = "gnu++14";
				CLANG_CXX_LIBRARY = "libc++";
				CLANG_ENABLE_MODULES = YES;
				CLANG_ENABLE_OBJC_ARC = YES;
				CLANG_WARN_BLOCK_CAPTURE_AUTORELEASING = YES;
				CLANG_WARN_BOOL_CONVERSION = YES;
				CLANG_WARN_COMMA = YES;
				CLANG_WARN_CONSTANT_CONVERSION = YES;
				CLANG_WARN_DIRECT_OBJC_ISA_USAGE = YES_ERROR;
				CLANG_WARN_DOCUMENTATION_COMMENTS = YES;
				CLANG_WARN_EMPTY_BODY = YES;
				CLANG_WARN_ENUM_CONVERSION = YES;
				CLANG_WARN_INFINITE_RECURSION = YES;
				CLANG_WARN_INT_CONVERSION = YES;
				CLANG_WARN_NON_LITERAL_NULL_CONVERSION = YES;
				CLANG_WARN_OBJC_LITERAL_CONVERSION = YES;
				CLANG_WARN_OBJC_ROOT_CLASS = YES_ERROR;
				CLANG_WARN_RANGE_LOOP_ANALYSIS = YES;
				CLANG_WARN_STRICT_PROTOTYPES = YES;
				CLANG_WARN_SUSPICIOUS_MOVE = YES;
				CLANG_WARN_UNGUARDED_AVAILABILITY = YES_AGGRESSIVE;
				CLANG_WARN_UNREACHABLE_CODE = YES;
				CLANG_WARN__DUPLICATE_METHOD_MATCH = YES;
				CODE_SIGN_IDENTITY = "iPhone Developer";
				COPY_PHASE_STRIP = NO;
				DEBUG_INFORMATION_FORMAT = "dwarf-with-dsym";
				ENABLE_NS_ASSERTIONS = NO;
				ENABLE_STRICT_OBJC_MSGSEND = YES;
				GCC_C_LANGUAGE_STANDARD = gnu11;
				GCC_NO_COMMON_BLOCKS = YES;
				GCC_WARN_64_TO_32_BIT_CONVERSION = YES;
				GCC_WARN_ABOUT_RETURN_TYPE = YES_ERROR;
				GCC_WARN_UNDECLARED_SELECTOR = YES;
				GCC_WARN_UNINITIALIZED_AUTOS = YES_AGGRESSIVE;
				GCC_WARN_UNUSED_FUNCTION = YES;
				GCC_WARN_UNUSED_VARIABLE = YES;
				IPHONEOS_DEPLOYMENT_TARGET = 11.2;
				MTL_ENABLE_DEBUG_INFO = NO;
				SDKROOT = iphoneos;
				SWIFT_OPTIMIZATION_LEVEL = "-Owholemodule";
				VALIDATE_PRODUCT = YES;
			};
			name = Release;
		};
		ADA12A43201FCDE200DF85A3 /* Debug */ = {
			isa = XCBuildConfiguration;
			baseConfigurationReference = C2E435EB808526E55D9EE006 /* Pods-FireliteExample.debug.xcconfig */;
			buildSettings = {
				ASSETCATALOG_COMPILER_APPICON_NAME = AppIcon;
				CODE_SIGN_STYLE = Automatic;
				DEVELOPMENT_TEAM = 48V7885PG3;
				INFOPLIST_FILE = FireliteExample/Info.plist;
				LD_RUNPATH_SEARCH_PATHS = "$(inherited) @executable_path/Frameworks";
				PRODUCT_BUNDLE_IDENTIFIER = esgi.FireliteExample;
				PRODUCT_NAME = "$(TARGET_NAME)";
				SWIFT_VERSION = 4.0;
				TARGETED_DEVICE_FAMILY = "1,2";
			};
			name = Debug;
		};
		ADA12A44201FCDE200DF85A3 /* Release */ = {
			isa = XCBuildConfiguration;
			baseConfigurationReference = 50751F668CF92A97F34F72ED /* Pods-FireliteExample.release.xcconfig */;
			buildSettings = {
				ASSETCATALOG_COMPILER_APPICON_NAME = AppIcon;
				CODE_SIGN_STYLE = Automatic;
				DEVELOPMENT_TEAM = 48V7885PG3;
				INFOPLIST_FILE = FireliteExample/Info.plist;
				LD_RUNPATH_SEARCH_PATHS = "$(inherited) @executable_path/Frameworks";
				PRODUCT_BUNDLE_IDENTIFIER = esgi.FireliteExample;
				PRODUCT_NAME = "$(TARGET_NAME)";
				SWIFT_VERSION = 4.0;
				TARGETED_DEVICE_FAMILY = "1,2";
			};
			name = Release;
		};
		ADA12A46201FCDE200DF85A3 /* Debug */ = {
			isa = XCBuildConfiguration;
			baseConfigurationReference = 3480F15EA089259F902DF888 /* Pods-FireliteExampleTests.debug.xcconfig */;
			buildSettings = {
				ALWAYS_EMBED_SWIFT_STANDARD_LIBRARIES = YES;
				BUNDLE_LOADER = "$(TEST_HOST)";
				CODE_SIGN_STYLE = Automatic;
				DEVELOPMENT_TEAM = BGA6953D2T;
				INFOPLIST_FILE = FireliteExampleTests/Info.plist;
				LD_RUNPATH_SEARCH_PATHS = "$(inherited) @executable_path/Frameworks @loader_path/Frameworks";
				PRODUCT_BUNDLE_IDENTIFIER = esgi.FireliteExampleTests;
				PRODUCT_NAME = "$(TARGET_NAME)";
				SWIFT_VERSION = 4.0;
				TARGETED_DEVICE_FAMILY = "1,2";
				TEST_HOST = "$(BUILT_PRODUCTS_DIR)/FireliteExample.app/FireliteExample";
			};
			name = Debug;
		};
		ADA12A47201FCDE200DF85A3 /* Release */ = {
			isa = XCBuildConfiguration;
			baseConfigurationReference = 1F55C3AD0C975DAB641E5636 /* Pods-FireliteExampleTests.release.xcconfig */;
			buildSettings = {
				ALWAYS_EMBED_SWIFT_STANDARD_LIBRARIES = YES;
				BUNDLE_LOADER = "$(TEST_HOST)";
				CODE_SIGN_STYLE = Automatic;
				DEVELOPMENT_TEAM = BGA6953D2T;
				INFOPLIST_FILE = FireliteExampleTests/Info.plist;
				LD_RUNPATH_SEARCH_PATHS = "$(inherited) @executable_path/Frameworks @loader_path/Frameworks";
				PRODUCT_BUNDLE_IDENTIFIER = esgi.FireliteExampleTests;
				PRODUCT_NAME = "$(TARGET_NAME)";
				SWIFT_VERSION = 4.0;
				TARGETED_DEVICE_FAMILY = "1,2";
				TEST_HOST = "$(BUILT_PRODUCTS_DIR)/FireliteExample.app/FireliteExample";
			};
			name = Release;
		};
/* End XCBuildConfiguration section */

/* Begin XCConfigurationList section */
		ADA12A1D201FCDE200DF85A3 /* Build configuration list for PBXProject "FireliteExample" */ = {
			isa = XCConfigurationList;
			buildConfigurations = (
				ADA12A40201FCDE200DF85A3 /* Debug */,
				ADA12A41201FCDE200DF85A3 /* Release */,
			);
			defaultConfigurationIsVisible = 0;
			defaultConfigurationName = Release;
		};
		ADA12A42201FCDE200DF85A3 /* Build configuration list for PBXNativeTarget "FireliteExample" */ = {
			isa = XCConfigurationList;
			buildConfigurations = (
				ADA12A43201FCDE200DF85A3 /* Debug */,
				ADA12A44201FCDE200DF85A3 /* Release */,
			);
			defaultConfigurationIsVisible = 0;
			defaultConfigurationName = Release;
		};
		ADA12A45201FCDE200DF85A3 /* Build configuration list for PBXNativeTarget "FireliteExampleTests" */ = {
			isa = XCConfigurationList;
			buildConfigurations = (
				ADA12A46201FCDE200DF85A3 /* Debug */,
				ADA12A47201FCDE200DF85A3 /* Release */,
			);
			defaultConfigurationIsVisible = 0;
			defaultConfigurationName = Release;
		};
/* End XCConfigurationList section */

/* Begin XCVersionGroup section */
		ADA12A2C201FCDE200DF85A3 /* FireliteExample.xcdatamodeld */ = {
			isa = XCVersionGroup;
			children = (
				ADA12A2D201FCDE200DF85A3 /* FireliteExample.xcdatamodel */,
			);
			currentVersion = ADA12A2D201FCDE200DF85A3 /* FireliteExample.xcdatamodel */;
			path = FireliteExample.xcdatamodeld;
			sourceTree = "<group>";
			versionGroupType = wrapper.xcdatamodel;
		};
/* End XCVersionGroup section */
	};
	rootObject = ADA12A1A201FCDE200DF85A3 /* Project object */;
}
